
Microsoft Visual Studio Solution File, Format Version 12.00
# Visual Studio Version 17
VisualStudioVersion = 17.3.32825.248
MinimumVisualStudioVersion = 10.0.40219.1
Project("{9A19103F-16F7-4668-BE54-9A1E7A4F7556}") = "AlinaMulikSaysHello", "AlinaMulikSaysHello\AlinaMulikSaysHello.csproj", "{1552E6ED-024D-44CE-822C-80407703639C}"
EndProject
Project("{9A19103F-16F7-4668-BE54-9A1E7A4F7556}") = "Homework3", "Homework3\Homework3.csproj", "{E2721F52-BC03-4DE5-8C00-90F327AF5ED2}"
EndProject
Project("{9A19103F-16F7-4668-BE54-9A1E7A4F7556}") = "Homework4", "Homework4\Homework4.csproj", "{671A9107-7B83-46F2-AF0C-74140D225A8B}"
EndProject
Project("{2150E333-8FDC-42A3-9474-1A3956D46DE8}") = "ClassesHomework5", "ClassesHomework5", "{BC11BB8A-4614-46AE-B999-D6D81A0E2E77}"
EndProject
Project("{9A19103F-16F7-4668-BE54-9A1E7A4F7556}") = "MainHospitalClass", "MainHospitalClass\MainHospitalClass.csproj", "{760A836A-A4BA-434A-9AA1-113E28A1DEE3}"
EndProject
Project("{9A19103F-16F7-4668-BE54-9A1E7A4F7556}") = "People", "People\People.csproj", "{6BA47687-5735-4C88-849C-4E2857CF18C2}"
EndProject
Project("{2150E333-8FDC-42A3-9474-1A3956D46DE8}") = "InterfacesHomework7", "InterfacesHomework7", "{AD16AC55-3382-44EA-8E8D-12DA245C9855}"
EndProject
Project("{2150E333-8FDC-42A3-9474-1A3956D46DE8}") = "Task7.1 Abstract Class", "Task7.1 Abstract Class", "{79AECD91-11FC-4F20-9486-EF2C27274B00}"
EndProject
Project("{2150E333-8FDC-42A3-9474-1A3956D46DE8}") = "Task7.2 Interfaces", "Task7.2 Interfaces", "{E6EDE8DC-6F17-4C32-8E33-3C95C90B7319}"
EndProject
Project("{2150E333-8FDC-42A3-9474-1A3956D46DE8}") = "Task 7.3 Refactoring", "Task 7.3 Refactoring", "{B828E586-C9BC-48B7-8223-F1878B2292AE}"
EndProject
Project("{9A19103F-16F7-4668-BE54-9A1E7A4F7556}") = "Main7.3", "Main7.3\Main7.3.csproj", "{06D7F332-D7EB-4EFB-ACEB-E2F035CFDEE6}"
EndProject
Project("{9A19103F-16F7-4668-BE54-9A1E7A4F7556}") = "Classes7.3", "Classes7.3\Classes7.3.csproj", "{C937AC74-E75D-4D6A-ACB3-F19C6FD6B00F}"
EndProject
Project("{9A19103F-16F7-4668-BE54-9A1E7A4F7556}") = "Classes7.1", "Classes7.1\Classes7.1.csproj", "{84A994FB-F7A6-4A80-8D21-B31EA98DD868}"
EndProject
Project("{9A19103F-16F7-4668-BE54-9A1E7A4F7556}") = "Main7.1", "Main7.1\Main7.1.csproj", "{0BF42118-3E71-4A13-A169-0530BF913624}"
EndProject
Project("{9A19103F-16F7-4668-BE54-9A1E7A4F7556}") = "Classes7.2", "Classes7.2\Classes7.2.csproj", "{13E43064-C981-49A1-91A7-FDF27979F4E4}"
EndProject
Project("{9A19103F-16F7-4668-BE54-9A1E7A4F7556}") = "Main7.2", "Main7.2\Main7.2.csproj", "{35B92636-90EC-4B03-BD4D-306ED826FFDC}"
EndProject
Project("{2150E333-8FDC-42A3-9474-1A3956D46DE8}") = "ExceptionsHomework8", "ExceptionsHomework8", "{8DAB5639-9EFF-4A3E-9532-0808EECEBC07}"
EndProject
Project("{9A19103F-16F7-4668-BE54-9A1E7A4F7556}") = "Classes8.1", "Classes8.1\Classes8.1.csproj", "{AA38FCA0-D331-4A2B-87A2-C1FAAEA91F91}"
EndProject
Project("{2150E333-8FDC-42A3-9474-1A3956D46DE8}") = "Task 8.1", "Task 8.1", "{0A22D30C-74EA-493D-B027-62219B167A82}"
EndProject
Project("{9A19103F-16F7-4668-BE54-9A1E7A4F7556}") = "Main8.1", "Main8.1\Main8.1.csproj", "{8513A3C0-42AF-4CFE-904F-1D957BF7870E}"
EndProject
Project("{2150E333-8FDC-42A3-9474-1A3956D46DE8}") = "Task 8.2", "Task 8.2", "{C35467CA-5226-4882-A4B2-DB9A993B4049}"
EndProject
Project("{FAE04EC0-301F-11D3-BF4B-00C04F79EFBC}") = "Classes8.2", "Classes8.2\Classes8.2.csproj", "{394EF30B-E704-47BB-8285-BEF9D86828F8}"
EndProject
Project("{FAE04EC0-301F-11D3-BF4B-00C04F79EFBC}") = "Main8.2", "Main8.2\Main8.2.csproj", "{156FB4D3-8365-4E62-9EC4-61C09D8C3566}"
EndProject
Global
	GlobalSection(SolutionConfigurationPlatforms) = preSolution
		Debug|Any CPU = Debug|Any CPU
		Release|Any CPU = Release|Any CPU
	EndGlobalSection
	GlobalSection(ProjectConfigurationPlatforms) = postSolution
		{1552E6ED-024D-44CE-822C-80407703639C}.Debug|Any CPU.ActiveCfg = Debug|Any CPU
		{1552E6ED-024D-44CE-822C-80407703639C}.Debug|Any CPU.Build.0 = Debug|Any CPU
		{1552E6ED-024D-44CE-822C-80407703639C}.Release|Any CPU.ActiveCfg = Release|Any CPU
		{1552E6ED-024D-44CE-822C-80407703639C}.Release|Any CPU.Build.0 = Release|Any CPU
		{E2721F52-BC03-4DE5-8C00-90F327AF5ED2}.Debug|Any CPU.ActiveCfg = Debug|Any CPU
		{E2721F52-BC03-4DE5-8C00-90F327AF5ED2}.Debug|Any CPU.Build.0 = Debug|Any CPU
		{E2721F52-BC03-4DE5-8C00-90F327AF5ED2}.Release|Any CPU.ActiveCfg = Release|Any CPU
		{E2721F52-BC03-4DE5-8C00-90F327AF5ED2}.Release|Any CPU.Build.0 = Release|Any CPU
		{671A9107-7B83-46F2-AF0C-74140D225A8B}.Debug|Any CPU.ActiveCfg = Debug|Any CPU
		{671A9107-7B83-46F2-AF0C-74140D225A8B}.Debug|Any CPU.Build.0 = Debug|Any CPU
		{671A9107-7B83-46F2-AF0C-74140D225A8B}.Release|Any CPU.ActiveCfg = Release|Any CPU
		{671A9107-7B83-46F2-AF0C-74140D225A8B}.Release|Any CPU.Build.0 = Release|Any CPU
		{760A836A-A4BA-434A-9AA1-113E28A1DEE3}.Debug|Any CPU.ActiveCfg = Debug|Any CPU
		{760A836A-A4BA-434A-9AA1-113E28A1DEE3}.Debug|Any CPU.Build.0 = Debug|Any CPU
		{760A836A-A4BA-434A-9AA1-113E28A1DEE3}.Release|Any CPU.ActiveCfg = Release|Any CPU
		{760A836A-A4BA-434A-9AA1-113E28A1DEE3}.Release|Any CPU.Build.0 = Release|Any CPU
		{6BA47687-5735-4C88-849C-4E2857CF18C2}.Debug|Any CPU.ActiveCfg = Debug|Any CPU
		{6BA47687-5735-4C88-849C-4E2857CF18C2}.Debug|Any CPU.Build.0 = Debug|Any CPU
		{6BA47687-5735-4C88-849C-4E2857CF18C2}.Release|Any CPU.ActiveCfg = Release|Any CPU
		{6BA47687-5735-4C88-849C-4E2857CF18C2}.Release|Any CPU.Build.0 = Release|Any CPU
		{06D7F332-D7EB-4EFB-ACEB-E2F035CFDEE6}.Debug|Any CPU.ActiveCfg = Debug|Any CPU
		{06D7F332-D7EB-4EFB-ACEB-E2F035CFDEE6}.Debug|Any CPU.Build.0 = Debug|Any CPU
		{06D7F332-D7EB-4EFB-ACEB-E2F035CFDEE6}.Release|Any CPU.ActiveCfg = Release|Any CPU
		{06D7F332-D7EB-4EFB-ACEB-E2F035CFDEE6}.Release|Any CPU.Build.0 = Release|Any CPU
		{C937AC74-E75D-4D6A-ACB3-F19C6FD6B00F}.Debug|Any CPU.ActiveCfg = Debug|Any CPU
		{C937AC74-E75D-4D6A-ACB3-F19C6FD6B00F}.Debug|Any CPU.Build.0 = Debug|Any CPU
		{C937AC74-E75D-4D6A-ACB3-F19C6FD6B00F}.Release|Any CPU.ActiveCfg = Release|Any CPU
		{C937AC74-E75D-4D6A-ACB3-F19C6FD6B00F}.Release|Any CPU.Build.0 = Release|Any CPU
		{84A994FB-F7A6-4A80-8D21-B31EA98DD868}.Debug|Any CPU.ActiveCfg = Debug|Any CPU
		{84A994FB-F7A6-4A80-8D21-B31EA98DD868}.Debug|Any CPU.Build.0 = Debug|Any CPU
		{84A994FB-F7A6-4A80-8D21-B31EA98DD868}.Release|Any CPU.ActiveCfg = Release|Any CPU
		{84A994FB-F7A6-4A80-8D21-B31EA98DD868}.Release|Any CPU.Build.0 = Release|Any CPU
		{0BF42118-3E71-4A13-A169-0530BF913624}.Debug|Any CPU.ActiveCfg = Debug|Any CPU
		{0BF42118-3E71-4A13-A169-0530BF913624}.Debug|Any CPU.Build.0 = Debug|Any CPU
		{0BF42118-3E71-4A13-A169-0530BF913624}.Release|Any CPU.ActiveCfg = Release|Any CPU
		{0BF42118-3E71-4A13-A169-0530BF913624}.Release|Any CPU.Build.0 = Release|Any CPU
		{13E43064-C981-49A1-91A7-FDF27979F4E4}.Debug|Any CPU.ActiveCfg = Debug|Any CPU
		{13E43064-C981-49A1-91A7-FDF27979F4E4}.Debug|Any CPU.Build.0 = Debug|Any CPU
		{13E43064-C981-49A1-91A7-FDF27979F4E4}.Release|Any CPU.ActiveCfg = Release|Any CPU
		{13E43064-C981-49A1-91A7-FDF27979F4E4}.Release|Any CPU.Build.0 = Release|Any CPU
		{35B92636-90EC-4B03-BD4D-306ED826FFDC}.Debug|Any CPU.ActiveCfg = Debug|Any CPU
		{35B92636-90EC-4B03-BD4D-306ED826FFDC}.Debug|Any CPU.Build.0 = Debug|Any CPU
		{35B92636-90EC-4B03-BD4D-306ED826FFDC}.Release|Any CPU.ActiveCfg = Release|Any CPU
		{35B92636-90EC-4B03-BD4D-306ED826FFDC}.Release|Any CPU.Build.0 = Release|Any CPU
		{AA38FCA0-D331-4A2B-87A2-C1FAAEA91F91}.Debug|Any CPU.ActiveCfg = Debug|Any CPU
		{AA38FCA0-D331-4A2B-87A2-C1FAAEA91F91}.Debug|Any CPU.Build.0 = Debug|Any CPU
		{AA38FCA0-D331-4A2B-87A2-C1FAAEA91F91}.Release|Any CPU.ActiveCfg = Release|Any CPU
		{AA38FCA0-D331-4A2B-87A2-C1FAAEA91F91}.Release|Any CPU.Build.0 = Release|Any CPU
		{8513A3C0-42AF-4CFE-904F-1D957BF7870E}.Debug|Any CPU.ActiveCfg = Debug|Any CPU
		{8513A3C0-42AF-4CFE-904F-1D957BF7870E}.Debug|Any CPU.Build.0 = Debug|Any CPU
		{8513A3C0-42AF-4CFE-904F-1D957BF7870E}.Release|Any CPU.ActiveCfg = Release|Any CPU
		{8513A3C0-42AF-4CFE-904F-1D957BF7870E}.Release|Any CPU.Build.0 = Release|Any CPU
		{394EF30B-E704-47BB-8285-BEF9D86828F8}.Debug|Any CPU.ActiveCfg = Debug|Any CPU
		{394EF30B-E704-47BB-8285-BEF9D86828F8}.Debug|Any CPU.Build.0 = Debug|Any CPU
		{394EF30B-E704-47BB-8285-BEF9D86828F8}.Release|Any CPU.ActiveCfg = Release|Any CPU
		{394EF30B-E704-47BB-8285-BEF9D86828F8}.Release|Any CPU.Build.0 = Release|Any CPU
		{156FB4D3-8365-4E62-9EC4-61C09D8C3566}.Debug|Any CPU.ActiveCfg = Debug|Any CPU
		{156FB4D3-8365-4E62-9EC4-61C09D8C3566}.Debug|Any CPU.Build.0 = Debug|Any CPU
		{156FB4D3-8365-4E62-9EC4-61C09D8C3566}.Release|Any CPU.ActiveCfg = Release|Any CPU
		{156FB4D3-8365-4E62-9EC4-61C09D8C3566}.Release|Any CPU.Build.0 = Release|Any CPU
	EndGlobalSection
	GlobalSection(SolutionProperties) = preSolution
		HideSolutionNode = FALSE
	EndGlobalSection
	GlobalSection(NestedProjects) = preSolution
		{760A836A-A4BA-434A-9AA1-113E28A1DEE3} = {BC11BB8A-4614-46AE-B999-D6D81A0E2E77}
		{6BA47687-5735-4C88-849C-4E2857CF18C2} = {BC11BB8A-4614-46AE-B999-D6D81A0E2E77}
		{79AECD91-11FC-4F20-9486-EF2C27274B00} = {AD16AC55-3382-44EA-8E8D-12DA245C9855}
		{E6EDE8DC-6F17-4C32-8E33-3C95C90B7319} = {AD16AC55-3382-44EA-8E8D-12DA245C9855}
		{B828E586-C9BC-48B7-8223-F1878B2292AE} = {AD16AC55-3382-44EA-8E8D-12DA245C9855}
		{06D7F332-D7EB-4EFB-ACEB-E2F035CFDEE6} = {B828E586-C9BC-48B7-8223-F1878B2292AE}
		{C937AC74-E75D-4D6A-ACB3-F19C6FD6B00F} = {B828E586-C9BC-48B7-8223-F1878B2292AE}
		{84A994FB-F7A6-4A80-8D21-B31EA98DD868} = {79AECD91-11FC-4F20-9486-EF2C27274B00}
		{0BF42118-3E71-4A13-A169-0530BF913624} = {79AECD91-11FC-4F20-9486-EF2C27274B00}
		{13E43064-C981-49A1-91A7-FDF27979F4E4} = {E6EDE8DC-6F17-4C32-8E33-3C95C90B7319}
		{35B92636-90EC-4B03-BD4D-306ED826FFDC} = {E6EDE8DC-6F17-4C32-8E33-3C95C90B7319}
		{AA38FCA0-D331-4A2B-87A2-C1FAAEA91F91} = {0A22D30C-74EA-493D-B027-62219B167A82}
		{0A22D30C-74EA-493D-B027-62219B167A82} = {8DAB5639-9EFF-4A3E-9532-0808EECEBC07}
		{8513A3C0-42AF-4CFE-904F-1D957BF7870E} = {0A22D30C-74EA-493D-B027-62219B167A82}
		{C35467CA-5226-4882-A4B2-DB9A993B4049} = {8DAB5639-9EFF-4A3E-9532-0808EECEBC07}
		{394EF30B-E704-47BB-8285-BEF9D86828F8} = {C35467CA-5226-4882-A4B2-DB9A993B4049}
		{156FB4D3-8365-4E62-9EC4-61C09D8C3566} = {C35467CA-5226-4882-A4B2-DB9A993B4049}
	EndGlobalSection
	GlobalSection(ExtensibilityGlobals) = postSolution
		SolutionGuid = {E0B6FCDC-759D-4F0B-8375-40AAE812E73F}
	EndGlobalSection
EndGlobal
