
Microsoft Visual Studio Solution File, Format Version 12.00
# Visual Studio Version 17
VisualStudioVersion = 17.3.32825.248
MinimumVisualStudioVersion = 10.0.40219.1
Project("{FAE04EC0-301F-11D3-BF4B-00C04F79EFBC}") = "AlinaMulikSaysHello", "AlinaMulikSaysHello\AlinaMulikSaysHello.csproj", "{1552E6ED-024D-44CE-822C-80407703639C}"
EndProject
Global
	GlobalSection(SolutionConfigurationPlatforms) = preSolution
		Debug|Any CPU = Debug|Any CPU
		Release|Any CPU = Release|Any CPU
	EndGlobalSection
	GlobalSection(ProjectConfigurationPlatforms) = postSolution
		{1552E6ED-024D-44CE-822C-80407703639C}.Debug|Any CPU.ActiveCfg = Debug|Any CPU
		{1552E6ED-024D-44CE-822C-80407703639C}.Debug|Any CPU.Build.0 = Debug|Any CPU
		{1552E6ED-024D-44CE-822C-80407703639C}.Release|Any CPU.ActiveCfg = Release|Any CPU
		{1552E6ED-024D-44CE-822C-80407703639C}.Release|Any CPU.Build.0 = Release|Any CPU
	EndGlobalSection
	GlobalSection(SolutionProperties) = preSolution
		HideSolutionNode = FALSE
	EndGlobalSection
	GlobalSection(ExtensibilityGlobals) = postSolution
		SolutionGuid = {E0B6FCDC-759D-4F0B-8375-40AAE812E73F}
	EndGlobalSection
EndGlobal
